
Microsoft Visual Studio Solution File, Format Version 12.00
# Visual Studio Version 17
VisualStudioVersion = 17.14.36705.20 d17.14
MinimumVisualStudioVersion = 10.0.40219.1
Project("{FAE04EC0-301F-11D3-BF4B-00C04F79EFBC}") = "NaHCO3Roles", "NaHCO3Roles.csproj", "{0722302C-7E57-4669-8779-0FB61FD9A476}"
EndProject
Global
	GlobalSection(SolutionConfigurationPlatforms) = preSolution
		Debug|Any CPU = Debug|Any CPU
		Release|Any CPU = Release|Any CPU
	EndGlobalSection
	GlobalSection(ProjectConfigurationPlatforms) = postSolution
		{0722302C-7E57-4669-8779-0FB61FD9A476}.Debug|Any CPU.ActiveCfg = Debug|Any CPU
		{0722302C-7E57-4669-8779-0FB61FD9A476}.Debug|Any CPU.Build.0 = Debug|Any CPU
		{0722302C-7E57-4669-8779-0FB61FD9A476}.Release|Any CPU.ActiveCfg = Release|Any CPU
		{0722302C-7E57-4669-8779-0FB61FD9A476}.Release|Any CPU.Build.0 = Release|Any CPU
	EndGlobalSection
	GlobalSection(SolutionProperties) = preSolution
		HideSolutionNode = FALSE
	EndGlobalSection
	GlobalSection(ExtensibilityGlobals) = postSolution
		SolutionGuid = {0EA633CC-A867-4307-B30C-E187A9C85445}
	EndGlobalSection
EndGlobal
